
Microsoft Visual Studio Solution File, Format Version 12.00
# Visual Studio 15
VisualStudioVersion = 15.0.28307.271
MinimumVisualStudioVersion = 10.0.40219.1
Project("{FAE04EC0-301F-11D3-BF4B-00C04F79EFBC}") = "jubiliant", "jubiliant\jubiliant.csproj", "{DA33CCFB-7AE1-4F31-A619-D9F35BB6E508}"
EndProject
Global
	GlobalSection(SolutionConfigurationPlatforms) = preSolution
		Debug|Any CPU = Debug|Any CPU
		Release|Any CPU = Release|Any CPU
	EndGlobalSection
	GlobalSection(ProjectConfigurationPlatforms) = postSolution
		{DA33CCFB-7AE1-4F31-A619-D9F35BB6E508}.Debug|Any CPU.ActiveCfg = Debug|Any CPU
		{DA33CCFB-7AE1-4F31-A619-D9F35BB6E508}.Debug|Any CPU.Build.0 = Debug|Any CPU
		{DA33CCFB-7AE1-4F31-A619-D9F35BB6E508}.Release|Any CPU.ActiveCfg = Release|Any CPU
		{DA33CCFB-7AE1-4F31-A619-D9F35BB6E508}.Release|Any CPU.Build.0 = Release|Any CPU
	EndGlobalSection
	GlobalSection(SolutionProperties) = preSolution
		HideSolutionNode = FALSE
	EndGlobalSection
	GlobalSection(ExtensibilityGlobals) = postSolution
		SolutionGuid = {92AEC0F2-3042-41BC-8788-EDCDC331A1B6}
	EndGlobalSection
EndGlobal
